
Microsoft Visual Studio Solution File, Format Version 12.00
# Visual Studio Version 17
VisualStudioVersion = 17.0.31903.59
MinimumVisualStudioVersion = 10.0.40219.1
Project("{FAE04EC0-301F-11D3-BF4B-00C04F79EFBC}") = "API", "API\API.csproj", "{64720E96-B4AF-4E22-A50C-214C6934FA9A}"
EndProject
Project("{FAE04EC0-301F-11D3-BF4B-00C04F79EFBC}") = "Core", "Core\Core.csproj", "{CF623184-495D-4FA3-A59A-D51035B7E871}"
EndProject
Project("{FAE04EC0-301F-11D3-BF4B-00C04F79EFBC}") = "Infrastructure", "Infrastructure\Infrastructure.csproj", "{7F92A4BA-B13D-4651-ADAA-8771891C0F35}"
EndProject
Project("{FAE04EC0-301F-11D3-BF4B-00C04F79EFBC}") = "Test", "Test\Test.csproj", "{4FEF3955-615D-46E3-A91F-9AB906904F63}"
EndProject
Global
	GlobalSection(SolutionConfigurationPlatforms) = preSolution
		Debug|Any CPU = Debug|Any CPU
		Debug|x64 = Debug|x64
		Debug|x86 = Debug|x86
		Release|Any CPU = Release|Any CPU
		Release|x64 = Release|x64
		Release|x86 = Release|x86
	EndGlobalSection
	GlobalSection(ProjectConfigurationPlatforms) = postSolution
		{64720E96-B4AF-4E22-A50C-214C6934FA9A}.Debug|Any CPU.ActiveCfg = Debug|Any CPU
		{64720E96-B4AF-4E22-A50C-214C6934FA9A}.Debug|Any CPU.Build.0 = Debug|Any CPU
		{64720E96-B4AF-4E22-A50C-214C6934FA9A}.Debug|x64.ActiveCfg = Debug|Any CPU
		{64720E96-B4AF-4E22-A50C-214C6934FA9A}.Debug|x64.Build.0 = Debug|Any CPU
		{64720E96-B4AF-4E22-A50C-214C6934FA9A}.Debug|x86.ActiveCfg = Debug|Any CPU
		{64720E96-B4AF-4E22-A50C-214C6934FA9A}.Debug|x86.Build.0 = Debug|Any CPU
		{64720E96-B4AF-4E22-A50C-214C6934FA9A}.Release|Any CPU.ActiveCfg = Release|Any CPU
		{64720E96-B4AF-4E22-A50C-214C6934FA9A}.Release|Any CPU.Build.0 = Release|Any CPU
		{64720E96-B4AF-4E22-A50C-214C6934FA9A}.Release|x64.ActiveCfg = Release|Any CPU
		{64720E96-B4AF-4E22-A50C-214C6934FA9A}.Release|x64.Build.0 = Release|Any CPU
		{64720E96-B4AF-4E22-A50C-214C6934FA9A}.Release|x86.ActiveCfg = Release|Any CPU
		{64720E96-B4AF-4E22-A50C-214C6934FA9A}.Release|x86.Build.0 = Release|Any CPU
		{CF623184-495D-4FA3-A59A-D51035B7E871}.Debug|Any CPU.ActiveCfg = Debug|Any CPU
		{CF623184-495D-4FA3-A59A-D51035B7E871}.Debug|Any CPU.Build.0 = Debug|Any CPU
		{CF623184-495D-4FA3-A59A-D51035B7E871}.Debug|x64.ActiveCfg = Debug|Any CPU
		{CF623184-495D-4FA3-A59A-D51035B7E871}.Debug|x64.Build.0 = Debug|Any CPU
		{CF623184-495D-4FA3-A59A-D51035B7E871}.Debug|x86.ActiveCfg = Debug|Any CPU
		{CF623184-495D-4FA3-A59A-D51035B7E871}.Debug|x86.Build.0 = Debug|Any CPU
		{CF623184-495D-4FA3-A59A-D51035B7E871}.Release|Any CPU.ActiveCfg = Release|Any CPU
		{CF623184-495D-4FA3-A59A-D51035B7E871}.Release|Any CPU.Build.0 = Release|Any CPU
		{CF623184-495D-4FA3-A59A-D51035B7E871}.Release|x64.ActiveCfg = Release|Any CPU
		{CF623184-495D-4FA3-A59A-D51035B7E871}.Release|x64.Build.0 = Release|Any CPU
		{CF623184-495D-4FA3-A59A-D51035B7E871}.Release|x86.ActiveCfg = Release|Any CPU
		{CF623184-495D-4FA3-A59A-D51035B7E871}.Release|x86.Build.0 = Release|Any CPU
		{7F92A4BA-B13D-4651-ADAA-8771891C0F35}.Debug|Any CPU.ActiveCfg = Debug|Any CPU
		{7F92A4BA-B13D-4651-ADAA-8771891C0F35}.Debug|Any CPU.Build.0 = Debug|Any CPU
		{7F92A4BA-B13D-4651-ADAA-8771891C0F35}.Debug|x64.ActiveCfg = Debug|Any CPU
		{7F92A4BA-B13D-4651-ADAA-8771891C0F35}.Debug|x64.Build.0 = Debug|Any CPU
		{7F92A4BA-B13D-4651-ADAA-8771891C0F35}.Debug|x86.ActiveCfg = Debug|Any CPU
		{7F92A4BA-B13D-4651-ADAA-8771891C0F35}.Debug|x86.Build.0 = Debug|Any CPU
		{7F92A4BA-B13D-4651-ADAA-8771891C0F35}.Release|Any CPU.ActiveCfg = Release|Any CPU
		{7F92A4BA-B13D-4651-ADAA-8771891C0F35}.Release|Any CPU.Build.0 = Release|Any CPU
		{7F92A4BA-B13D-4651-ADAA-8771891C0F35}.Release|x64.ActiveCfg = Release|Any CPU
		{7F92A4BA-B13D-4651-ADAA-8771891C0F35}.Release|x64.Build.0 = Release|Any CPU
		{7F92A4BA-B13D-4651-ADAA-8771891C0F35}.Release|x86.ActiveCfg = Release|Any CPU
		{7F92A4BA-B13D-4651-ADAA-8771891C0F35}.Release|x86.Build.0 = Release|Any CPU
		{4FEF3955-615D-46E3-A91F-9AB906904F63}.Debug|Any CPU.ActiveCfg = Debug|Any CPU
		{4FEF3955-615D-46E3-A91F-9AB906904F63}.Debug|Any CPU.Build.0 = Debug|Any CPU
		{4FEF3955-615D-46E3-A91F-9AB906904F63}.Debug|x64.ActiveCfg = Debug|Any CPU
		{4FEF3955-615D-46E3-A91F-9AB906904F63}.Debug|x64.Build.0 = Debug|Any CPU
		{4FEF3955-615D-46E3-A91F-9AB906904F63}.Debug|x86.ActiveCfg = Debug|Any CPU
		{4FEF3955-615D-46E3-A91F-9AB906904F63}.Debug|x86.Build.0 = Debug|Any CPU
		{4FEF3955-615D-46E3-A91F-9AB906904F63}.Release|Any CPU.ActiveCfg = Release|Any CPU
		{4FEF3955-615D-46E3-A91F-9AB906904F63}.Release|Any CPU.Build.0 = Release|Any CPU
		{4FEF3955-615D-46E3-A91F-9AB906904F63}.Release|x64.ActiveCfg = Release|Any CPU
		{4FEF3955-615D-46E3-A91F-9AB906904F63}.Release|x64.Build.0 = Release|Any CPU
		{4FEF3955-615D-46E3-A91F-9AB906904F63}.Release|x86.ActiveCfg = Release|Any CPU
		{4FEF3955-615D-46E3-A91F-9AB906904F63}.Release|x86.Build.0 = Release|Any CPU
	EndGlobalSection
	GlobalSection(SolutionProperties) = preSolution
		HideSolutionNode = FALSE
	EndGlobalSection
EndGlobal
